
Microsoft Visual Studio Solution File, Format Version 12.00
# Visual Studio Version 17
VisualStudioVersion = 17.1.32210.238
MinimumVisualStudioVersion = 10.0.40219.1
Project("{FAE04EC0-301F-11D3-BF4B-00C04F79EFBC}") = "1066_6_1", "1066_6_1\1066_6_1.csproj", "{580BCD49-DB11-4801-B592-E64A1CA86B6F}"
EndProject
Global
	GlobalSection(SolutionConfigurationPlatforms) = preSolution
		Debug|Any CPU = Debug|Any CPU
		Release|Any CPU = Release|Any CPU
	EndGlobalSection
	GlobalSection(ProjectConfigurationPlatforms) = postSolution
		{580BCD49-DB11-4801-B592-E64A1CA86B6F}.Debug|Any CPU.ActiveCfg = Debug|Any CPU
		{580BCD49-DB11-4801-B592-E64A1CA86B6F}.Debug|Any CPU.Build.0 = Debug|Any CPU
		{580BCD49-DB11-4801-B592-E64A1CA86B6F}.Release|Any CPU.ActiveCfg = Release|Any CPU
		{580BCD49-DB11-4801-B592-E64A1CA86B6F}.Release|Any CPU.Build.0 = Release|Any CPU
	EndGlobalSection
	GlobalSection(SolutionProperties) = preSolution
		HideSolutionNode = FALSE
	EndGlobalSection
	GlobalSection(ExtensibilityGlobals) = postSolution
		SolutionGuid = {1EFD8284-BDC6-48D1-AFE4-09455E397A8D}
	EndGlobalSection
EndGlobal
