
Microsoft Visual Studio Solution File, Format Version 12.00
# Visual Studio Version 17
VisualStudioVersion = 17.1.32210.238
MinimumVisualStudioVersion = 10.0.40219.1
Project("{FAE04EC0-301F-11D3-BF4B-00C04F79EFBC}") = "TestRecap_1066", "TestRecap_1066\TestRecap_1066.csproj", "{2CF3B6EF-04F7-49D9-B315-5455AB8FCC84}"
EndProject
Global
	GlobalSection(SolutionConfigurationPlatforms) = preSolution
		Debug|Any CPU = Debug|Any CPU
		Release|Any CPU = Release|Any CPU
	EndGlobalSection
	GlobalSection(ProjectConfigurationPlatforms) = postSolution
		{2CF3B6EF-04F7-49D9-B315-5455AB8FCC84}.Debug|Any CPU.ActiveCfg = Debug|Any CPU
		{2CF3B6EF-04F7-49D9-B315-5455AB8FCC84}.Debug|Any CPU.Build.0 = Debug|Any CPU
		{2CF3B6EF-04F7-49D9-B315-5455AB8FCC84}.Release|Any CPU.ActiveCfg = Release|Any CPU
		{2CF3B6EF-04F7-49D9-B315-5455AB8FCC84}.Release|Any CPU.Build.0 = Release|Any CPU
	EndGlobalSection
	GlobalSection(SolutionProperties) = preSolution
		HideSolutionNode = FALSE
	EndGlobalSection
	GlobalSection(ExtensibilityGlobals) = postSolution
		SolutionGuid = {62093138-C994-42AE-88B7-8C6AD70A226F}
	EndGlobalSection
EndGlobal
