
Microsoft Visual Studio Solution File, Format Version 12.00
# Visual Studio Version 17
VisualStudioVersion = 17.1.32210.238
MinimumVisualStudioVersion = 10.0.40219.1
Project("{FAE04EC0-301F-11D3-BF4B-00C04F79EFBC}") = "SQLiteDb_1057", "SQLiteDb_1057.csproj", "{3C9E2256-3D38-4BCA-ACA4-0B5918E320AE}"
EndProject
Global
	GlobalSection(SolutionConfigurationPlatforms) = preSolution
		Debug|Any CPU = Debug|Any CPU
		Release|Any CPU = Release|Any CPU
	EndGlobalSection
	GlobalSection(ProjectConfigurationPlatforms) = postSolution
		{3C9E2256-3D38-4BCA-ACA4-0B5918E320AE}.Debug|Any CPU.ActiveCfg = Debug|Any CPU
		{3C9E2256-3D38-4BCA-ACA4-0B5918E320AE}.Debug|Any CPU.Build.0 = Debug|Any CPU
		{3C9E2256-3D38-4BCA-ACA4-0B5918E320AE}.Release|Any CPU.ActiveCfg = Release|Any CPU
		{3C9E2256-3D38-4BCA-ACA4-0B5918E320AE}.Release|Any CPU.Build.0 = Release|Any CPU
	EndGlobalSection
	GlobalSection(SolutionProperties) = preSolution
		HideSolutionNode = FALSE
	EndGlobalSection
	GlobalSection(ExtensibilityGlobals) = postSolution
		SolutionGuid = {49B6017E-E049-4AB3-8FF6-A6E43F0A715A}
	EndGlobalSection
EndGlobal
